{
  "name": "Lobo_Dependabot",
  "lockfileVersion": 3,
  "requires": true,
  "packages": {
    "": {
      "dependencies": {
        "url-parse": "^0.0.0"
      }
    },
    "node_modules/url-parse": {
      "version": "0.0.0",
      "resolved": "https://registry.npmjs.org/url-parse/-/url-parse-0.0.0.tgz",
      "integrity": "sha512-IbiIEdxcp+DrliwQkJ7kAjmqNsdg0MrPGlPtM5lxmY1CneBMkHjLitzTmfex/ZlJfCNPsj5KcJWDa29p/xhn2w=="
    }
  }
}
